Microsoft Visual Studio Solution File, Format Version 12.00
# Visual Studio 15
Project("{8BC9CEB8-8B4A-11D0-8D11-00A0C91BC942}") = "ALL_BUILD", "ALL_BUILD.vcxproj", "{74B02D1D-1FE4-38B2-8A1A-1BD084119A09}"
	ProjectSection(ProjectDependencies) = postProject
		{D18A5E4C-AAFB-3EB3-95B6-3D971F5BA24C} = {D18A5E4C-AAFB-3EB3-95B6-3D971F5BA24C}
		{A843FAD8-9F0D-3152-9AC4-6140F52CD89D} = {A843FAD8-9F0D-3152-9AC4-6140F52CD89D}
		{5E29A400-3885-35EF-ABD6-0E002A41AAD3} = {5E29A400-3885-35EF-ABD6-0E002A41AAD3}
		{B4EBDBAE-2F0A-303C-AE8D-417CF6241F18} = {B4EBDBAE-2F0A-303C-AE8D-417CF6241F18}
		{7DEB63EA-3DC8-38C2-A303-DAAB3948123A} = {7DEB63EA-3DC8-38C2-A303-DAAB3948123A}
	EndProjectSection
EndProject
Project("{8BC9CEB8-8B4A-11D0-8D11-00A0C91BC942}") = "INSTALL", "INSTALL.vcxproj", "{580CE5AE-40DF-3C22-956D-5DC2D9CEFF5E}"
	ProjectSection(ProjectDependencies) = postProject
		{74B02D1D-1FE4-38B2-8A1A-1BD084119A09} = {74B02D1D-1FE4-38B2-8A1A-1BD084119A09}
		{D18A5E4C-AAFB-3EB3-95B6-3D971F5BA24C} = {D18A5E4C-AAFB-3EB3-95B6-3D971F5BA24C}
	EndProjectSection
EndProject
Project("{8BC9CEB8-8B4A-11D0-8D11-00A0C91BC942}") = "ZERO_CHECK", "ZERO_CHECK.vcxproj", "{D18A5E4C-AAFB-3EB3-95B6-3D971F5BA24C}"
	ProjectSection(ProjectDependencies) = postProject
	EndProjectSection
EndProject
Project("{8BC9CEB8-8B4A-11D0-8D11-00A0C91BC942}") = "glew", "glew.vcxproj", "{A843FAD8-9F0D-3152-9AC4-6140F52CD89D}"
	ProjectSection(ProjectDependencies) = postProject
		{D18A5E4C-AAFB-3EB3-95B6-3D971F5BA24C} = {D18A5E4C-AAFB-3EB3-95B6-3D971F5BA24C}
	EndProjectSection
EndProject
Project("{8BC9CEB8-8B4A-11D0-8D11-00A0C91BC942}") = "glew_s", "glew_s.vcxproj", "{5E29A400-3885-35EF-ABD6-0E002A41AAD3}"
	ProjectSection(ProjectDependencies) = postProject
		{D18A5E4C-AAFB-3EB3-95B6-3D971F5BA24C} = {D18A5E4C-AAFB-3EB3-95B6-3D971F5BA24C}
	EndProjectSection
EndProject
Project("{8BC9CEB8-8B4A-11D0-8D11-00A0C91BC942}") = "glewinfo", "glewinfo.vcxproj", "{B4EBDBAE-2F0A-303C-AE8D-417CF6241F18}"
	ProjectSection(ProjectDependencies) = postProject
		{D18A5E4C-AAFB-3EB3-95B6-3D971F5BA24C} = {D18A5E4C-AAFB-3EB3-95B6-3D971F5BA24C}
		{A843FAD8-9F0D-3152-9AC4-6140F52CD89D} = {A843FAD8-9F0D-3152-9AC4-6140F52CD89D}
	EndProjectSection
EndProject
Project("{8BC9CEB8-8B4A-11D0-8D11-00A0C91BC942}") = "uninstall", "uninstall.vcxproj", "{09C9160F-C820-38CD-AD02-96C7A908631E}"
	ProjectSection(ProjectDependencies) = postProject
		{D18A5E4C-AAFB-3EB3-95B6-3D971F5BA24C} = {D18A5E4C-AAFB-3EB3-95B6-3D971F5BA24C}
	EndProjectSection
EndProject
Project("{8BC9CEB8-8B4A-11D0-8D11-00A0C91BC942}") = "visualinfo", "visualinfo.vcxproj", "{7DEB63EA-3DC8-38C2-A303-DAAB3948123A}"
	ProjectSection(ProjectDependencies) = postProject
		{D18A5E4C-AAFB-3EB3-95B6-3D971F5BA24C} = {D18A5E4C-AAFB-3EB3-95B6-3D971F5BA24C}
		{A843FAD8-9F0D-3152-9AC4-6140F52CD89D} = {A843FAD8-9F0D-3152-9AC4-6140F52CD89D}
	EndProjectSection
EndProject
Global
	GlobalSection(SolutionConfigurationPlatforms) = preSolution
		Debug|Win32 = Debug|Win32
		Release|Win32 = Release|Win32
		MinSizeRel|Win32 = MinSizeRel|Win32
		RelWithDebInfo|Win32 = RelWithDebInfo|Win32
	EndGlobalSection
	GlobalSection(ProjectConfigurationPlatforms) = postSolution
		{74B02D1D-1FE4-38B2-8A1A-1BD084119A09}.Debug|Win32.ActiveCfg = Debug|Win32
		{74B02D1D-1FE4-38B2-8A1A-1BD084119A09}.Debug|Win32.Build.0 = Debug|Win32
		{74B02D1D-1FE4-38B2-8A1A-1BD084119A09}.Release|Win32.ActiveCfg = Release|Win32
		{74B02D1D-1FE4-38B2-8A1A-1BD084119A09}.Release|Win32.Build.0 = Release|Win32
		{74B02D1D-1FE4-38B2-8A1A-1BD084119A09}.MinSizeRel|Win32.ActiveCfg = MinSizeRel|Win32
		{74B02D1D-1FE4-38B2-8A1A-1BD084119A09}.MinSizeRel|Win32.Build.0 = MinSizeRel|Win32
		{74B02D1D-1FE4-38B2-8A1A-1BD084119A09}.RelWithDebInfo|Win32.ActiveCfg = RelWithDebInfo|Win32
		{74B02D1D-1FE4-38B2-8A1A-1BD084119A09}.RelWithDebInfo|Win32.Build.0 = RelWithDebInfo|Win32
		{580CE5AE-40DF-3C22-956D-5DC2D9CEFF5E}.Debug|Win32.ActiveCfg = Debug|Win32
		{580CE5AE-40DF-3C22-956D-5DC2D9CEFF5E}.Release|Win32.ActiveCfg = Release|Win32
		{580CE5AE-40DF-3C22-956D-5DC2D9CEFF5E}.MinSizeRel|Win32.ActiveCfg = MinSizeRel|Win32
		{580CE5AE-40DF-3C22-956D-5DC2D9CEFF5E}.RelWithDebInfo|Win32.ActiveCfg = RelWithDebInfo|Win32
		{D18A5E4C-AAFB-3EB3-95B6-3D971F5BA24C}.Debug|Win32.ActiveCfg = Debug|Win32
		{D18A5E4C-AAFB-3EB3-95B6-3D971F5BA24C}.Debug|Win32.Build.0 = Debug|Win32
		{D18A5E4C-AAFB-3EB3-95B6-3D971F5BA24C}.Release|Win32.ActiveCfg = Release|Win32
		{D18A5E4C-AAFB-3EB3-95B6-3D971F5BA24C}.Release|Win32.Build.0 = Release|Win32
		{D18A5E4C-AAFB-3EB3-95B6-3D971F5BA24C}.MinSizeRel|Win32.ActiveCfg = MinSizeRel|Win32
		{D18A5E4C-AAFB-3EB3-95B6-3D971F5BA24C}.MinSizeRel|Win32.Build.0 = MinSizeRel|Win32
		{D18A5E4C-AAFB-3EB3-95B6-3D971F5BA24C}.RelWithDebInfo|Win32.ActiveCfg = RelWithDebInfo|Win32
		{D18A5E4C-AAFB-3EB3-95B6-3D971F5BA24C}.RelWithDebInfo|Win32.Build.0 = RelWithDebInfo|Win32
		{A843FAD8-9F0D-3152-9AC4-6140F52CD89D}.Debug|Win32.ActiveCfg = Debug|Win32
		{A843FAD8-9F0D-3152-9AC4-6140F52CD89D}.Debug|Win32.Build.0 = Debug|Win32
		{A843FAD8-9F0D-3152-9AC4-6140F52CD89D}.Release|Win32.ActiveCfg = Release|Win32
		{A843FAD8-9F0D-3152-9AC4-6140F52CD89D}.Release|Win32.Build.0 = Release|Win32
		{A843FAD8-9F0D-3152-9AC4-6140F52CD89D}.MinSizeRel|Win32.ActiveCfg = MinSizeRel|Win32
		{A843FAD8-9F0D-3152-9AC4-6140F52CD89D}.MinSizeRel|Win32.Build.0 = MinSizeRel|Win32
		{A843FAD8-9F0D-3152-9AC4-6140F52CD89D}.RelWithDebInfo|Win32.ActiveCfg = RelWithDebInfo|Win32
		{A843FAD8-9F0D-3152-9AC4-6140F52CD89D}.RelWithDebInfo|Win32.Build.0 = RelWithDebInfo|Win32
		{5E29A400-3885-35EF-ABD6-0E002A41AAD3}.Debug|Win32.ActiveCfg = Debug|Win32
		{5E29A400-3885-35EF-ABD6-0E002A41AAD3}.Debug|Win32.Build.0 = Debug|Win32
		{5E29A400-3885-35EF-ABD6-0E002A41AAD3}.Release|Win32.ActiveCfg = Release|Win32
		{5E29A400-3885-35EF-ABD6-0E002A41AAD3}.Release|Win32.Build.0 = Release|Win32
		{5E29A400-3885-35EF-ABD6-0E002A41AAD3}.MinSizeRel|Win32.ActiveCfg = MinSizeRel|Win32
		{5E29A400-3885-35EF-ABD6-0E002A41AAD3}.MinSizeRel|Win32.Build.0 = MinSizeRel|Win32
		{5E29A400-3885-35EF-ABD6-0E002A41AAD3}.RelWithDebInfo|Win32.ActiveCfg = RelWithDebInfo|Win32
		{5E29A400-3885-35EF-ABD6-0E002A41AAD3}.RelWithDebInfo|Win32.Build.0 = RelWithDebInfo|Win32
		{B4EBDBAE-2F0A-303C-AE8D-417CF6241F18}.Debug|Win32.ActiveCfg = Debug|Win32
		{B4EBDBAE-2F0A-303C-AE8D-417CF6241F18}.Debug|Win32.Build.0 = Debug|Win32
		{B4EBDBAE-2F0A-303C-AE8D-417CF6241F18}.Release|Win32.ActiveCfg = Release|Win32
		{B4EBDBAE-2F0A-303C-AE8D-417CF6241F18}.Release|Win32.Build.0 = Release|Win32
		{B4EBDBAE-2F0A-303C-AE8D-417CF6241F18}.MinSizeRel|Win32.ActiveCfg = MinSizeRel|Win32
		{B4EBDBAE-2F0A-303C-AE8D-417CF6241F18}.MinSizeRel|Win32.Build.0 = MinSizeRel|Win32
		{B4EBDBAE-2F0A-303C-AE8D-417CF6241F18}.RelWithDebInfo|Win32.ActiveCfg = RelWithDebInfo|Win32
		{B4EBDBAE-2F0A-303C-AE8D-417CF6241F18}.RelWithDebInfo|Win32.Build.0 = RelWithDebInfo|Win32
		{09C9160F-C820-38CD-AD02-96C7A908631E}.Debug|Win32.ActiveCfg = Debug|Win32
		{09C9160F-C820-38CD-AD02-96C7A908631E}.Release|Win32.ActiveCfg = Release|Win32
		{09C9160F-C820-38CD-AD02-96C7A908631E}.MinSizeRel|Win32.ActiveCfg = MinSizeRel|Win32
		{09C9160F-C820-38CD-AD02-96C7A908631E}.RelWithDebInfo|Win32.ActiveCfg = RelWithDebInfo|Win32
		{7DEB63EA-3DC8-38C2-A303-DAAB3948123A}.Debug|Win32.ActiveCfg = Debug|Win32
		{7DEB63EA-3DC8-38C2-A303-DAAB3948123A}.Debug|Win32.Build.0 = Debug|Win32
		{7DEB63EA-3DC8-38C2-A303-DAAB3948123A}.Release|Win32.ActiveCfg = Release|Win32
		{7DEB63EA-3DC8-38C2-A303-DAAB3948123A}.Release|Win32.Build.0 = Release|Win32
		{7DEB63EA-3DC8-38C2-A303-DAAB3948123A}.MinSizeRel|Win32.ActiveCfg = MinSizeRel|Win32
		{7DEB63EA-3DC8-38C2-A303-DAAB3948123A}.MinSizeRel|Win32.Build.0 = MinSizeRel|Win32
		{7DEB63EA-3DC8-38C2-A303-DAAB3948123A}.RelWithDebInfo|Win32.ActiveCfg = RelWithDebInfo|Win32
		{7DEB63EA-3DC8-38C2-A303-DAAB3948123A}.RelWithDebInfo|Win32.Build.0 = RelWithDebInfo|Win32
	EndGlobalSection
	GlobalSection(ExtensibilityGlobals) = postSolution
	EndGlobalSection
	GlobalSection(ExtensibilityAddIns) = postSolution
	EndGlobalSection
EndGlobal
